
Microsoft Visual Studio Solution File, Format Version 12.00
# Visual Studio Version 17
VisualStudioVersion = 17.0.31903.59
MinimumVisualStudioVersion = 10.0.40219.1
Project("{FAE04EC0-301F-11D3-BF4B-00C04F79EFBC}") = "SpreaditAPI", "SpreaditAPI\SpreaditAPI.csproj", "{850B6075-48E3-4721-A753-2D5081C69FB3}"
EndProject
Project("{FAE04EC0-301F-11D3-BF4B-00C04F79EFBC}") = "SpreaditApp", "SpreaditApp\SpreaditApp.csproj", "{021DBE60-4912-4E16-9A27-51A437E65830}"
EndProject
Project("{FAE04EC0-301F-11D3-BF4B-00C04F79EFBC}") = "Shared", "Shared\Shared.csproj", "{C58683B0-77F0-4635-9DC0-0DA9BFF829E8}"
EndProject
Global
	GlobalSection(SolutionConfigurationPlatforms) = preSolution
		Debug|Any CPU = Debug|Any CPU
		Release|Any CPU = Release|Any CPU
	EndGlobalSection
	GlobalSection(SolutionProperties) = preSolution
		HideSolutionNode = FALSE
	EndGlobalSection
	GlobalSection(ProjectConfigurationPlatforms) = postSolution
		{850B6075-48E3-4721-A753-2D5081C69FB3}.Debug|Any CPU.ActiveCfg = Debug|Any CPU
		{850B6075-48E3-4721-A753-2D5081C69FB3}.Debug|Any CPU.Build.0 = Debug|Any CPU
		{850B6075-48E3-4721-A753-2D5081C69FB3}.Release|Any CPU.ActiveCfg = Release|Any CPU
		{850B6075-48E3-4721-A753-2D5081C69FB3}.Release|Any CPU.Build.0 = Release|Any CPU
		{021DBE60-4912-4E16-9A27-51A437E65830}.Debug|Any CPU.ActiveCfg = Debug|Any CPU
		{021DBE60-4912-4E16-9A27-51A437E65830}.Debug|Any CPU.Build.0 = Debug|Any CPU
		{021DBE60-4912-4E16-9A27-51A437E65830}.Release|Any CPU.ActiveCfg = Release|Any CPU
		{021DBE60-4912-4E16-9A27-51A437E65830}.Release|Any CPU.Build.0 = Release|Any CPU
		{C58683B0-77F0-4635-9DC0-0DA9BFF829E8}.Debug|Any CPU.ActiveCfg = Debug|Any CPU
		{C58683B0-77F0-4635-9DC0-0DA9BFF829E8}.Debug|Any CPU.Build.0 = Debug|Any CPU
		{C58683B0-77F0-4635-9DC0-0DA9BFF829E8}.Release|Any CPU.ActiveCfg = Release|Any CPU
		{C58683B0-77F0-4635-9DC0-0DA9BFF829E8}.Release|Any CPU.Build.0 = Release|Any CPU
	EndGlobalSection
EndGlobal
